// !$*UTF8*$!
{
	archiveVersion = 1;
	classes = {
	};
	objectVersion = 56;
	objects = {

/* Begin PBXBuildFile section */
		EDB4476B2A8E064300548E68 /* AppDelegate.swift in Sources */ = {isa = PBXBuildFile; fileRef = EDB4476A2A8E064300548E68 /* AppDelegate.swift */; };
		EDB4476D2A8E064300548E68 /* SceneDelegate.swift in Sources */ = {isa = PBXBuildFile; fileRef = EDB4476C2A8E064300548E68 /* SceneDelegate.swift */; };
		EDB4476F2A8E064300548E68 /* ViewController.swift in Sources */ = {isa = PBXBuildFile; fileRef = EDB4476E2A8E064300548E68 /* ViewController.swift */; };
		EDB447742A8E064400548E68 /* Assets.xcassets in Resources */ = {isa = PBXBuildFile; fileRef = EDB447732A8E064400548E68 /* Assets.xcassets */; };
		EDB447772A8E064400548E68 /* LaunchScreen.storyboard in Resources */ = {isa = PBXBuildFile; fileRef = EDB447752A8E064400548E68 /* LaunchScreen.storyboard */; };
		EDB4477F2A8E177600548E68 /* RickAndMortyCollectionViewCell.swift in Sources */ = {isa = PBXBuildFile; fileRef = EDB4477E2A8E177600548E68 /* RickAndMortyCollectionViewCell.swift */; };
		EDB447812A8E1D2C00548E68 /* APIManager.swift in Sources */ = {isa = PBXBuildFile; fileRef = EDB447802A8E1D2C00548E68 /* APIManager.swift */; };
		EDB447832A8E1E6800548E68 /* RickAndMortyModel.swift in Sources */ = {isa = PBXBuildFile; fileRef = EDB447822A8E1E6800548E68 /* RickAndMortyModel.swift */; };
		EDB4478C2A8F5A6100548E68 /* DetailViewController.swift in Sources */ = {isa = PBXBuildFile; fileRef = EDB4478B2A8F5A6100548E68 /* DetailViewController.swift */; };
		EDB4478E2A8F82D700548E68 /* RickAndMortyTableViewCell.swift in Sources */ = {isa = PBXBuildFile; fileRef = EDB4478D2A8F82D700548E68 /* RickAndMortyTableViewCell.swift */; };
		EDB447902A8F938C00548E68 /* OriginCellTableView.swift in Sources */ = {isa = PBXBuildFile; fileRef = EDB4478F2A8F938C00548E68 /* OriginCellTableView.swift */; };
		EDB447922A90CABF00548E68 /* EpisodesTableViewCell.swift in Sources */ = {isa = PBXBuildFile; fileRef = EDB447912A90CABF00548E68 /* EpisodesTableViewCell.swift */; };
		EDB447962A92C75000548E68 /* LaunchViewController.swift in Sources */ = {isa = PBXBuildFile; fileRef = EDB447952A92C75000548E68 /* LaunchViewController.swift */; };
/* End PBXBuildFile section */

/* Begin PBXFileReference section */
		EDB447672A8E064300548E68 /* RickAndMortyApp.app */ = {isa = PBXFileReference; explicitFileType = wrapper.application; includeInIndex = 0; path = RickAndMortyApp.app; sourceTree = BUILT_PRODUCTS_DIR; };
		EDB4476A2A8E064300548E68 /* AppDelegate.swift */ = {isa = PBXFileReference; lastKnownFileType = sourcecode.swift; path = AppDelegate.swift; sourceTree = "<group>"; };
		EDB4476C2A8E064300548E68 /* SceneDelegate.swift */ = {isa = PBXFileReference; lastKnownFileType = sourcecode.swift; path = SceneDelegate.swift; sourceTree = "<group>"; };
		EDB4476E2A8E064300548E68 /* ViewController.swift */ = {isa = PBXFileReference; lastKnownFileType = sourcecode.swift; path = ViewController.swift; sourceTree = "<group>"; };
		EDB447732A8E064400548E68 /* Assets.xcassets */ = {isa = PBXFileReference; lastKnownFileType = folder.assetcatalog; path = Assets.xcassets; sourceTree = "<group>"; };
		EDB447762A8E064400548E68 /* Base */ = {isa = PBXFileReference; lastKnownFileType = file.storyboard; name = Base; path = Base.lproj/LaunchScreen.storyboard; sourceTree = "<group>"; };
		EDB447782A8E064400548E68 /* Info.plist */ = {isa = PBXFileReference; lastKnownFileType = text.plist.xml; path = Info.plist; sourceTree = "<group>"; };
		EDB4477E2A8E177600548E68 /* RickAndMortyCollectionViewCell.swift */ = {isa = PBXFileReference; lastKnownFileType = sourcecode.swift; path = RickAndMortyCollectionViewCell.swift; sourceTree = "<group>"; };
		EDB447802A8E1D2C00548E68 /* APIManager.swift */ = {isa = PBXFileReference; lastKnownFileType = sourcecode.swift; path = APIManager.swift; sourceTree = "<group>"; };
		EDB447822A8E1E6800548E68 /* RickAndMortyModel.swift */ = {isa = PBXFileReference; lastKnownFileType = sourcecode.swift; path = RickAndMortyModel.swift; sourceTree = "<group>"; };
		EDB4478B2A8F5A6100548E68 /* DetailViewController.swift */ = {isa = PBXFileReference; lastKnownFileType = sourcecode.swift; path = DetailViewController.swift; sourceTree = "<group>"; };
		EDB4478D2A8F82D700548E68 /* RickAndMortyTableViewCell.swift */ = {isa = PBXFileReference; lastKnownFileType = sourcecode.swift; path = RickAndMortyTableViewCell.swift; sourceTree = "<group>"; };
		EDB4478F2A8F938C00548E68 /* OriginCellTableView.swift */ = {isa = PBXFileReference; lastKnownFileType = sourcecode.swift; path = OriginCellTableView.swift; sourceTree = "<group>"; };
		EDB447912A90CABF00548E68 /* EpisodesTableViewCell.swift */ = {isa = PBXFileReference; lastKnownFileType = sourcecode.swift; path = EpisodesTableViewCell.swift; sourceTree = "<group>"; };
		EDB447952A92C75000548E68 /* LaunchViewController.swift */ = {isa = PBXFileReference; lastKnownFileType = sourcecode.swift; path = LaunchViewController.swift; sourceTree = "<group>"; };
/* End PBXFileReference section */

/* Begin PBXFrameworksBuildPhase section */
		EDB447642A8E064300548E68 /* Frameworks */ = {
			isa = PBXFrameworksBuildPhase;
			buildActionMask = 2147483647;
			files = (
			);
			runOnlyForDeploymentPostprocessing = 0;
		};
/* End PBXFrameworksBuildPhase section */

/* Begin PBXGroup section */
		EDB4475E2A8E064300548E68 = {
			isa = PBXGroup;
			children = (
				EDB447692A8E064300548E68 /* RickAndMortyApp */,
				EDB447682A8E064300548E68 /* Products */,
			);
			sourceTree = "<group>";
		};
		EDB447682A8E064300548E68 /* Products */ = {
			isa = PBXGroup;
			children = (
				EDB447672A8E064300548E68 /* RickAndMortyApp.app */,
			);
			name = Products;
			sourceTree = "<group>";
		};
		EDB447692A8E064300548E68 /* RickAndMortyApp */ = {
			isa = PBXGroup;
			children = (
				EDB447872A8E1E9900548E68 /* API */,
				EDB447852A8E1E8800548E68 /* App */,
				EDB447842A8E1E7000548E68 /* Model */,
				EDB447862A8E1E8F00548E68 /* Resources */,
				EDB447882A8E1EA400548E68 /* Views */,
			);
			path = RickAndMortyApp;
			sourceTree = "<group>";
		};
		EDB447842A8E1E7000548E68 /* Model */ = {
			isa = PBXGroup;
			children = (
				EDB447822A8E1E6800548E68 /* RickAndMortyModel.swift */,
			);
			path = Model;
			sourceTree = "<group>";
		};
		EDB447852A8E1E8800548E68 /* App */ = {
			isa = PBXGroup;
			children = (
				EDB4476A2A8E064300548E68 /* AppDelegate.swift */,
				EDB4476C2A8E064300548E68 /* SceneDelegate.swift */,
			);
			path = App;
			sourceTree = "<group>";
		};
		EDB447862A8E1E8F00548E68 /* Resources */ = {
			isa = PBXGroup;
			children = (
				EDB447752A8E064400548E68 /* LaunchScreen.storyboard */,
				EDB447782A8E064400548E68 /* Info.plist */,
				EDB447732A8E064400548E68 /* Assets.xcassets */,
			);
			path = Resources;
			sourceTree = "<group>";
		};
		EDB447872A8E1E9900548E68 /* API */ = {
			isa = PBXGroup;
			children = (
				EDB447802A8E1D2C00548E68 /* APIManager.swift */,
			);
			path = API;
			sourceTree = "<group>";
		};
		EDB447882A8E1EA400548E68 /* Views */ = {
			isa = PBXGroup;
			children = (
				EDB4478A2A8E1EB100548E68 /* Controller */,
				EDB447892A8E1EAC00548E68 /* Cell */,
			);
			path = Views;
			sourceTree = "<group>";
		};
		EDB447892A8E1EAC00548E68 /* Cell */ = {
			isa = PBXGroup;
			children = (
				EDB4477E2A8E177600548E68 /* RickAndMortyCollectionViewCell.swift */,
				EDB4478D2A8F82D700548E68 /* RickAndMortyTableViewCell.swift */,
				EDB4478F2A8F938C00548E68 /* OriginCellTableView.swift */,
				EDB447912A90CABF00548E68 /* EpisodesTableViewCell.swift */,
			);
			path = Cell;
			sourceTree = "<group>";
		};
		EDB4478A2A8E1EB100548E68 /* Controller */ = {
			isa = PBXGroup;
			children = (
				EDB4476E2A8E064300548E68 /* ViewController.swift */,
				EDB4478B2A8F5A6100548E68 /* DetailViewController.swift */,
				EDB447952A92C75000548E68 /* LaunchViewController.swift */,
			);
			path = Controller;
			sourceTree = "<group>";
		};
/* End PBXGroup section */

/* Begin PBXNativeTarget section */
		EDB447662A8E064300548E68 /* RickAndMortyApp */ = {
			isa = PBXNativeTarget;
			buildConfigurationList = EDB4477B2A8E064400548E68 /* Build configuration list for PBXNativeTarget "RickAndMortyApp" */;
			buildPhases = (
				EDB447632A8E064300548E68 /* Sources */,
				EDB447642A8E064300548E68 /* Frameworks */,
				EDB447652A8E064300548E68 /* Resources */,
			);
			buildRules = (
			);
			dependencies = (
			);
			name = RickAndMortyApp;
			productName = RickAndMortyApp;
			productReference = EDB447672A8E064300548E68 /* RickAndMortyApp.app */;
			productType = "com.apple.product-type.application";
		};
/* End PBXNativeTarget section */

/* Begin PBXProject section */
		EDB4475F2A8E064300548E68 /* Project object */ = {
			isa = PBXProject;
			attributes = {
				BuildIndependentTargetsInParallel = 1;
				LastSwiftUpdateCheck = 1420;
				LastUpgradeCheck = 1420;
				TargetAttributes = {
					EDB447662A8E064300548E68 = {
						CreatedOnToolsVersion = 14.2;
					};
				};
			};
			buildConfigurationList = EDB447622A8E064300548E68 /* Build configuration list for PBXProject "RickAndMortyApp" */;
			compatibilityVersion = "Xcode 14.0";
			developmentRegion = en;
			hasScannedForEncodings = 0;
			knownRegions = (
				en,
				Base,
			);
			mainGroup = EDB4475E2A8E064300548E68;
			productRefGroup = EDB447682A8E064300548E68 /* Products */;
			projectDirPath = "";
			projectRoot = "";
			targets = (
				EDB447662A8E064300548E68 /* RickAndMortyApp */,
			);
		};
/* End PBXProject section */

/* Begin PBXResourcesBuildPhase section */
		EDB447652A8E064300548E68 /* Resources */ = {
			isa = PBXResourcesBuildPhase;
			buildActionMask = 2147483647;
			files = (
				EDB447772A8E064400548E68 /* LaunchScreen.storyboard in Resources */,
				EDB447742A8E064400548E68 /* Assets.xcassets in Resources */,
			);
			runOnlyForDeploymentPostprocessing = 0;
		};
/* End PBXResourcesBuildPhase section */

/* Begin PBXSourcesBuildPhase section */
		EDB447632A8E064300548E68 /* Sources */ = {
			isa = PBXSourcesBuildPhase;
			buildActionMask = 2147483647;
			files = (
				EDB447832A8E1E6800548E68 /* RickAndMortyModel.swift in Sources */,
				EDB4476F2A8E064300548E68 /* ViewController.swift in Sources */,
				EDB4477F2A8E177600548E68 /* RickAndMortyCollectionViewCell.swift in Sources */,
				EDB447902A8F938C00548E68 /* OriginCellTableView.swift in Sources */,
				EDB447812A8E1D2C00548E68 /* APIManager.swift in Sources */,
				EDB4478E2A8F82D700548E68 /* RickAndMortyTableViewCell.swift in Sources */,
				EDB4476B2A8E064300548E68 /* AppDelegate.swift in Sources */,
				EDB447922A90CABF00548E68 /* EpisodesTableViewCell.swift in Sources */,
				EDB447962A92C75000548E68 /* LaunchViewController.swift in Sources */,
				EDB4476D2A8E064300548E68 /* SceneDelegate.swift in Sources */,
				EDB4478C2A8F5A6100548E68 /* DetailViewController.swift in Sources */,
			);
			runOnlyForDeploymentPostprocessing = 0;
		};
/* End PBXSourcesBuildPhase section */

/* Begin PBXVariantGroup section */
		EDB447752A8E064400548E68 /* LaunchScreen.storyboard */ = {
			isa = PBXVariantGroup;
			children = (
				EDB447762A8E064400548E68 /* Base */,
			);
			name = LaunchScreen.storyboard;
			sourceTree = "<group>";
		};
/* End PBXVariantGroup section */

/* Begin XCBuildConfiguration section */
		EDB447792A8E064400548E68 /* Debug */ = {
			isa = XCBuildConfiguration;
			buildSettings = {
				ALWAYS_SEARCH_USER_PATHS = NO;
				CLANG_ANALYZER_NONNULL = YES;
				CLANG_ANALYZER_NUMBER_OBJECT_CONVERSION = YES_AGGRESSIVE;
				CLANG_CXX_LANGUAGE_STANDARD = "gnu++20";
				CLANG_ENABLE_MODULES = YES;
				CLANG_ENABLE_OBJC_ARC = YES;
				CLANG_ENABLE_OBJC_WEAK = YES;
				CLANG_WARN_BLOCK_CAPTURE_AUTORELEASING = YES;
				CLANG_WARN_BOOL_CONVERSION = YES;
				CLANG_WARN_COMMA = YES;
				CLANG_WARN_CONSTANT_CONVERSION = YES;
				CLANG_WARN_DEPRECATED_OBJC_IMPLEMENTATIONS = YES;
				CLANG_WARN_DIRECT_OBJC_ISA_USAGE = YES_ERROR;
				CLANG_WARN_DOCUMENTATION_COMMENTS = YES;
				CLANG_WARN_EMPTY_BODY = YES;
				CLANG_WARN_ENUM_CONVERSION = YES;
				CLANG_WARN_INFINITE_RECURSION = YES;
				CLANG_WARN_INT_CONVERSION = YES;
				CLANG_WARN_NON_LITERAL_NULL_CONVERSION = YES;
				CLANG_WARN_OBJC_IMPLICIT_RETAIN_SELF = YES;
				CLANG_WARN_OBJC_LITERAL_CONVERSION = YES;
				CLANG_WARN_OBJC_ROOT_CLASS = YES_ERROR;
				CLANG_WARN_QUOTED_INCLUDE_IN_FRAMEWORK_HEADER = YES;
				CLANG_WARN_RANGE_LOOP_ANALYSIS = YES;
				CLANG_WARN_STRICT_PROTOTYPES = YES;
				CLANG_WARN_SUSPICIOUS_MOVE = YES;
				CLANG_WARN_UNGUARDED_AVAILABILITY = YES_AGGRESSIVE;
				CLANG_WARN_UNREACHABLE_CODE = YES;
				CLANG_WARN__DUPLICATE_METHOD_MATCH = YES;
				COPY_PHASE_STRIP = NO;
				DEBUG_INFORMATION_FORMAT = dwarf;
				ENABLE_STRICT_OBJC_MSGSEND = YES;
				ENABLE_TESTABILITY = YES;
				GCC_C_LANGUAGE_STANDARD = gnu11;
				GCC_DYNAMIC_NO_PIC = NO;
				GCC_NO_COMMON_BLOCKS = YES;
				GCC_OPTIMIZATION_LEVEL = 0;
				GCC_PREPROCESSOR_DEFINITIONS = (
					"DEBUG=1",
					"$(inherited)",
				);
				GCC_WARN_64_TO_32_BIT_CONVERSION = YES;
				GCC_WARN_ABOUT_RETURN_TYPE = YES_ERROR;
				GCC_WARN_UNDECLARED_SELECTOR = YES;
				GCC_WARN_UNINITIALIZED_AUTOS = YES_AGGRESSIVE;
				GCC_WARN_UNUSED_FUNCTION = YES;
				GCC_WARN_UNUSED_VARIABLE = YES;
				IPHONEOS_DEPLOYMENT_TARGET = 16.2;
				MTL_ENABLE_DEBUG_INFO = INCLUDE_SOURCE;
				MTL_FAST_MATH = YES;
				ONLY_ACTIVE_ARCH = YES;
				SDKROOT = iphoneos;
				SWIFT_ACTIVE_COMPILATION_CONDITIONS = DEBUG;
				SWIFT_OPTIMIZATION_LEVEL = "-Onone";
			};
			name = Debug;
		};
		EDB4477A2A8E064400548E68 /* Release */ = {
			isa = XCBuildConfiguration;
			buildSettings = {
				ALWAYS_SEARCH_USER_PATHS = NO;
				CLANG_ANALYZER_NONNULL = YES;
				CLANG_ANALYZER_NUMBER_OBJECT_CONVERSION = YES_AGGRESSIVE;
				CLANG_CXX_LANGUAGE_STANDARD = "gnu++20";
				CLANG_ENABLE_MODULES = YES;
				CLANG_ENABLE_OBJC_ARC = YES;
				CLANG_ENABLE_OBJC_WEAK = YES;
				CLANG_WARN_BLOCK_CAPTURE_AUTORELEASING = YES;
				CLANG_WARN_BOOL_CONVERSION = YES;
				CLANG_WARN_COMMA = YES;
				CLANG_WARN_CONSTANT_CONVERSION = YES;
				CLANG_WARN_DEPRECATED_OBJC_IMPLEMENTATIONS = YES;
				CLANG_WARN_DIRECT_OBJC_ISA_USAGE = YES_ERROR;
				CLANG_WARN_DOCUMENTATION_COMMENTS = YES;
				CLANG_WARN_EMPTY_BODY = YES;
				CLANG_WARN_ENUM_CONVERSION = YES;
				CLANG_WARN_INFINITE_RECURSION = YES;
				CLANG_WARN_INT_CONVERSION = YES;
				CLANG_WARN_NON_LITERAL_NULL_CONVERSION = YES;
				CLANG_WARN_OBJC_IMPLICIT_RETAIN_SELF = YES;
				CLANG_WARN_OBJC_LITERAL_CONVERSION = YES;
				CLANG_WARN_OBJC_ROOT_CLASS = YES_ERROR;
				CLANG_WARN_QUOTED_INCLUDE_IN_FRAMEWORK_HEADER = YES;
				CLANG_WARN_RANGE_LOOP_ANALYSIS = YES;
				CLANG_WARN_STRICT_PROTOTYPES = YES;
				CLANG_WARN_SUSPICIOUS_MOVE = YES;
				CLANG_WARN_UNGUARDED_AVAILABILITY = YES_AGGRESSIVE;
				CLANG_WARN_UNREACHABLE_CODE = YES;
				CLANG_WARN__DUPLICATE_METHOD_MATCH = YES;
				COPY_PHASE_STRIP = NO;
				DEBUG_INFORMATION_FORMAT = "dwarf-with-dsym";
				ENABLE_NS_ASSERTIONS = NO;
				ENABLE_STRICT_OBJC_MSGSEND = YES;
				GCC_C_LANGUAGE_STANDARD = gnu11;
				GCC_NO_COMMON_BLOCKS = YES;
				GCC_WARN_64_TO_32_BIT_CONVERSION = YES;
				GCC_WARN_ABOUT_RETURN_TYPE = YES_ERROR;
				GCC_WARN_UNDECLARED_SELECTOR = YES;
				GCC_WARN_UNINITIALIZED_AUTOS = YES_AGGRESSIVE;
				GCC_WARN_UNUSED_FUNCTION = YES;
				GCC_WARN_UNUSED_VARIABLE = YES;
				IPHONEOS_DEPLOYMENT_TARGET = 16.2;
				MTL_ENABLE_DEBUG_INFO = NO;
				MTL_FAST_MATH = YES;
				SDKROOT = iphoneos;
				SWIFT_COMPILATION_MODE = wholemodule;
				SWIFT_OPTIMIZATION_LEVEL = "-O";
				VALIDATE_PRODUCT = YES;
			};
			name = Release;
		};
		EDB4477C2A8E064400548E68 /* Debug */ = {
			isa = XCBuildConfiguration;
			buildSettings = {
				ASSETCATALOG_COMPILER_APPICON_NAME = AppIcon;
				ASSETCATALOG_COMPILER_GLOBAL_ACCENT_COLOR_NAME = AccentColor;
				CODE_SIGN_STYLE = Automatic;
				CURRENT_PROJECT_VERSION = 1;
				DEVELOPMENT_TEAM = TYV66VL2S3;
				GENERATE_INFOPLIST_FILE = YES;
				INFOPLIST_FILE = RickAndMortyApp/Resources/Info.plist;
				INFOPLIST_KEY_UIApplicationSupportsIndirectInputEvents = YES;
				INFOPLIST_KEY_UILaunchStoryboardName = LaunchScreen;
				INFOPLIST_KEY_UIMainStoryboardFile = "";
				INFOPLIST_KEY_UISupportedInterfaceOrientations = UIInterfaceOrientationPortrait;
				INFOPLIST_KEY_UISupportedInterfaceOrientations_iPad = "UIInterfaceOrientationLandscapeLeft UIInterfaceOrientationLandscapeRight UIInterfaceOrientationPortrait UIInterfaceOrientationPortraitUpsideDown";
				IPHONEOS_DEPLOYMENT_TARGET = 14.0;
				LD_RUNPATH_SEARCH_PATHS = (
					"$(inherited)",
					"@executable_path/Frameworks",
				);
				MARKETING_VERSION = 1.0;
				PRODUCT_BUNDLE_IDENTIFIER = WilgelmApps.RickAndMortyApp;
				PRODUCT_NAME = "$(TARGET_NAME)";
				SUPPORTED_PLATFORMS = "iphoneos iphonesimulator";
				SUPPORTS_MACCATALYST = NO;
				SUPPORTS_MAC_DESIGNED_FOR_IPHONE_IPAD = NO;
				SWIFT_EMIT_LOC_STRINGS = YES;
				SWIFT_VERSION = 5.0;
				TARGETED_DEVICE_FAMILY = 1;
			};
			name = Debug;
		};
		EDB4477D2A8E064400548E68 /* Release */ = {
			isa = XCBuildConfiguration;
			buildSettings = {
				ASSETCATALOG_COMPILER_APPICON_NAME = AppIcon;
				ASSETCATALOG_COMPILER_GLOBAL_ACCENT_COLOR_NAME = AccentColor;
				CODE_SIGN_STYLE = Automatic;
				CURRENT_PROJECT_VERSION = 1;
				DEVELOPMENT_TEAM = TYV66VL2S3;
				GENERATE_INFOPLIST_FILE = YES;
				INFOPLIST_FILE = RickAndMortyApp/Resources/Info.plist;
				INFOPLIST_KEY_UIApplicationSupportsIndirectInputEvents = YES;
				INFOPLIST_KEY_UILaunchStoryboardName = LaunchScreen;
				INFOPLIST_KEY_UIMainStoryboardFile = "";
				INFOPLIST_KEY_UISupportedInterfaceOrientations = UIInterfaceOrientationPortrait;
				INFOPLIST_KEY_UISupportedInterfaceOrientations_iPad = "UIInterfaceOrientationLandscapeLeft UIInterfaceOrientationLandscapeRight UIInterfaceOrientationPortrait UIInterfaceOrientationPortraitUpsideDown";
				IPHONEOS_DEPLOYMENT_TARGET = 14.0;
				LD_RUNPATH_SEARCH_PATHS = (
					"$(inherited)",
					"@executable_path/Frameworks",
				);
				MARKETING_VERSION = 1.0;
				PRODUCT_BUNDLE_IDENTIFIER = WilgelmApps.RickAndMortyApp;
				PRODUCT_NAME = "$(TARGET_NAME)";
				SUPPORTED_PLATFORMS = "iphoneos iphonesimulator";
				SUPPORTS_MACCATALYST = NO;
				SUPPORTS_MAC_DESIGNED_FOR_IPHONE_IPAD = NO;
				SWIFT_EMIT_LOC_STRINGS = YES;
				SWIFT_VERSION = 5.0;
				TARGETED_DEVICE_FAMILY = 1;
			};
			name = Release;
		};
/* End XCBuildConfiguration section */

/* Begin XCConfigurationList section */
		EDB447622A8E064300548E68 /* Build configuration list for PBXProject "RickAndMortyApp" */ = {
			isa = XCConfigurationList;
			buildConfigurations = (
				EDB447792A8E064400548E68 /* Debug */,
				EDB4477A2A8E064400548E68 /* Release */,
			);
			defaultConfigurationIsVisible = 0;
			defaultConfigurationName = Release;
		};
		EDB4477B2A8E064400548E68 /* Build configuration list for PBXNativeTarget "RickAndMortyApp" */ = {
			isa = XCConfigurationList;
			buildConfigurations = (
				EDB4477C2A8E064400548E68 /* Debug */,
				EDB4477D2A8E064400548E68 /* Release */,
			);
			defaultConfigurationIsVisible = 0;
			defaultConfigurationName = Release;
		};
/* End XCConfigurationList section */
	};
	rootObject = EDB4475F2A8E064300548E68 /* Project object */;
}
